version = 1
revision = 3
requires-python = "==3.12.*"

[[package]]
name = "lertx-asset-tools"
version = "0.1.0"
source = { virtual = "." }
dependencies = [
    { name = "numpy" },
    { name = "pyyaml" },
    { name = "scipy" },
    { name = "urdf-usd-converter" },
    { name = "usd-exchange" },
    { name = "usd-validation-nvidia" },
]

[package.metadata]
requires-dist = [
    { name = "numpy", specifier = "==2.4.6" },
    { name = "pyyaml", specifier = "==6.0.3" },
    { name = "scipy", specifier = "==1.17.1" },
    { name = "urdf-usd-converter", specifier = "==0.3.3" },
    { name = "usd-exchange", specifier = "==3.0.0" },
    { name = "usd-validation-nvidia", specifier = "==1.22.0" },
]

[[package]]
name = "newton-usd-schemas"
version = "0.5.0"
source = { registry = "https://pypi.org/simple" }
sdist = { url = "https://files.pythonhosted.org/packages/69/3b/602eea8123824daf2215fcdf4a61a0958507ea11e5c38e4313285f6b745f/newton_usd_schemas-0.5.0.tar.gz", hash = "sha256:a404232e9f89cfce130ee5ed5c8b6b23b187514e857803b5d7b08568bb2516e0", size = 76299, upload-time = "2026-08-14T00:02:50.252Z" }
wheels = [
    { url = "https://files.pythonhosted.org/packages/78/bc/ffad9598cc4772cb0b8d8d47c6700493dac3d8d6518dead78c596a0325ed/newton_usd_schemas-0.5.0-py3-none-any.whl", hash = "sha256:edb559522474855fc03e6f395e0702b11074a13fe1c2ed9cce63fbb06516b342", size = 22280, upload-time = "2026-08-14T00:02:49.056Z" },
]

[[package]]
name = "numpy"
version = "2.4.6"
source = { registry = "https://pypi.org/simple" }
sdist = { url = "https://files.pythonhosted.org/packages/d0/ad/fed0499ce6a338d2a03ebae59cd15093910c8875328855781952abf6c2fe/numpy-2.4.6.tar.gz", hash = "sha256:f3a3570c4a2a16746ac2c31a7c7c7b0c186b95ce902e33db6f28094ed7387dda", size = 20735807, upload-time = "2026-05-18T23:37:14.07Z" }
wheels = [
    { url = "https://files.pythonhosted.org/packages/95/2a/3d7b5ac8aac24feaf9ad7ed58f45b0bbc06d37e4338ae84c9f2298b570f9/numpy-2.4.6-cp312-cp312-macosx_10_13_x86_64.whl", hash = "sha256:001fbb8e08d942dd57599e781f2472269ee7f2755fae407b4f67b2f0b17da3f1", size = 16689119, upload-time = "2026-05-18T23:33:54.065Z" },
    { url = "https://files.pythonhosted.org/packages/ea/12/92c4c131527599e8288d6918e888d88726f84d805d784b771f32408aeaef/numpy-2.4.6-cp312-cp312-macosx_11_0_arm64.whl", hash = "sha256:ebfb099f8dcf083deef3ac1ca4c1503f387cf76296fcb3816b66f5ecb5f54fdb", size = 14699246, upload-time = "2026-05-18T23:33:57.621Z" },
    { url = "https://files.pythonhosted.org/packages/ad/fe/c0a6b7b2ca128a8fb228575147073b660656734b8ebe4d76c8fd748dcc79/numpy-2.4.6-cp312-cp312-macosx_14_0_arm64.whl", hash = "sha256:3213d622a0283a39a93d188f3cf72b26862df52fbb4ca3697f51705016523d41", size = 5204410, upload-time = "2026-05-18T23:34:00.302Z" },
    { url = "https://files.pythonhosted.org/packages/f3/d4/9770d14ba719432bb90a421bfd443872ed0f70f7264b64bec12ea363d5fd/numpy-2.4.6-cp312-cp312-macosx_14_0_x86_64.whl", hash = "sha256:357cc07a6d7b0b182ff02249616a03742827ebb1277546b5c7cd7f7620a45698", size = 6551240, upload-time = "2026-05-18T23:34:02.852Z" },
    { url = "https://files.pythonhosted.org/packages/c9/c6/50a46a6205feba2343f1d6d17438107c5dc491ed1c736e6ea68689fd906b/numpy-2.4.6-cp312-cp312-manylinux_2_27_aarch64.manylinux_2_28_aarch64.whl", hash = "sha256:5f9fb9157b4ce2971008323afe46053787b526ef624fea915b261468a8421a0f", size = 15671012, upload-time = "2026-05-18T23:34:05.485Z" },
    { url = "https://files.pythonhosted.org/packages/99/60/14115e6364fa676c5397c2ad3004e527e9aa487abf5d0706ec81bbd08529/numpy-2.4.6-cp312-cp312-manylinux_2_27_x86_64.manylinux_2_28_x86_64.whl", hash = "sha256:90f9849678c75fe7afa2d348ac842c168b0a4d3d61919687216dfc547976d853", size = 16645538, upload-time = "2026-05-18T23:34:09.265Z" },
    { url = "https://files.pythonhosted.org/packages/ae/c5/693cbe59e57db94d2231fa519ca3978dc9e19da5a8f088588f5c6e947ff2/numpy-2.4.6-cp312-cp312-musllinux_1_2_aarch64.whl", hash = "sha256:c1a2af6c6ef86344a6b0db6b97834208bf598db514f2b155042439b62605601a", size = 17020706, upload-time = "2026-05-18T23:34:13.053Z" },
    { url = "https://files.pythonhosted.org/packages/ef/fc/85b7c4eff9b4966ade25c2273cf7e7012e92366c032058653934b37de044/numpy-2.4.6-cp312-cp312-musllinux_1_2_x86_64.whl", hash = "sha256:e5805d5a22fd19c8ccff10a9561f9df94436b0545619ea579db2d3c35294bce2", size = 18368541, upload-time = "2026-05-18T23:34:17.024Z" },
    { url = "https://files.pythonhosted.org/packages/f6/81/e1b27545deedce7f4a0b348618c6b62d74e36a4dc9ccd42f3eb2f85eee32/numpy-2.4.6-cp312-cp312-win32.whl", hash = "sha256:e3eeb0aabd6bd5ce64faae67e9935203a6991b4bc2a485a767fbafb2c5125f45", size = 5962825, upload-time = "2026-05-18T23:34:20.3Z" },
    { url = "https://files.pythonhosted.org/packages/ab/ca/feab00bd44aa5fe1ad2c18f08b4d3bb92e26484b0b1d1443897809ed528c/numpy-2.4.6-cp312-cp312-win_amd64.whl", hash = "sha256:d8e8286dd7cea7895157318d1b91cdacac64c479f3cbc8dce548331728484751", size = 12321687, upload-time = "2026-05-18T23:34:23.095Z" },
    { url = "https://files.pythonhosted.org/packages/63/cf/5a6d34850a39d1093558564f77ee8e8e0bee5061151b8f05a55711001ec7/numpy-2.4.6-cp312-cp312-win_arm64.whl", hash = "sha256:4081eb135ac24158bd51cdfbef16f1c64df7063b1143f24731387137c092bec8", size = 10221482, upload-time = "2026-05-18T23:34:25.876Z" },
]

[[package]]
name = "numpy-stl"
version = "4.0.1"
source = { registry = "https://pypi.org/simple" }
dependencies = [
    { name = "numpy" },
    { name = "python-utils" },
    { name = "typing-extensions" },
]
sdist = { url = "https://files.pythonhosted.org/packages/15/14/0242990083251bdf748706a5043816f5adee6a12109fb6c8b5279ee2312b/numpy_stl-4.0.1.tar.gz", hash = "sha256:1e15e32d7de01fec66706a54c40b234f357c877c07d3add0fbe247aa9151a583", size = 30152, upload-time = "2026-09-07T09:42:27.489Z" }
wheels = [
    { url = "https://files.pythonhosted.org/packages/98/37/0700f20f963c381ae7dde97b6036a2acfd92c2656a2581fb292a573fc63f/numpy_stl-4.0.1-py3-none-any.whl", hash = "sha256:c5f59a996d30c6e6948f9f855d5a7dd853b8faa466846b8b2d3cf553e5526489", size = 32788, upload-time = "2026-09-07T09:42:26.034Z" },
]

[[package]]
name = "pycollada"
version = "0.9.3"
source = { registry = "https://pypi.org/simple" }
dependencies = [
    { name = "numpy" },
    { name = "python-dateutil" },
]
sdist = { url = "https://files.pythonhosted.org/packages/5a/8d/52a5364a17eb96129962cae8d3ee7658775e085ad0ba38388684ad5944e9/pycollada-0.9.3.tar.gz", hash = "sha256:c34d6dcf0fe2eba5896f71c96d37a1c0fe1a61f08440fa0cfcec3dc2895d3302", size = 110826, upload-time = "2026-01-24T15:45:23.625Z" }
wheels = [
    { url = "https://files.pythonhosted.org/packages/07/86/f1f61b7a0701f9d1299e5293d083318019f91021a4d449f94d59dbe024e4/pycollada-0.9.3-py3-none-any.whl", hash = "sha256:636e6496f60987586db82455ea7bbd9ade775e8181c6590c83b698b6cd53a9f5", size = 129206, upload-time = "2026-01-24T15:45:22.182Z" },
]

[[package]]
name = "python-dateutil"
version = "2.9.0.post0"
source = { registry = "https://pypi.org/simple" }
dependencies = [
    { name = "six" },
]
sdist = { url = "https://files.pythonhosted.org/packages/66/c0/0c8b6ad9f17a802ee498c46e004a0eb49bc148f2fd230864601a86dcf6db/python-dateutil-2.9.0.post0.tar.gz", hash = "sha256:37dd54208da7e1cd875388217d5e00ebd4179249f90fb72437e91a35459a0ad3", size = 342432, upload-time = "2024-03-01T18:36:20.211Z" }
wheels = [
    { url = "https://files.pythonhosted.org/packages/ec/57/56b9bcc3c9c6a792fcbaf139543cee77261f3651ca9da0c93f5c1221264b/python_dateutil-2.9.0.post0-py2.py3-none-any.whl", hash = "sha256:a8b2bc7bffae282281c8140a97d3aa9c14da0b136dfe83f850eea9a5f7470427", size = 229892, upload-time = "2024-03-01T18:36:18.57Z" },
]

[[package]]
name = "python-utils"
version = "4.0.1"
source = { registry = "https://pypi.org/simple" }
dependencies = [
    { name = "typing-extensions" },
]
sdist = { url = "https://files.pythonhosted.org/packages/5d/71/ec6665d4ce42ee5a59fffd31a4d5164f92da15ccb8c758dba13d2419ea53/python_utils-4.0.1.tar.gz", hash = "sha256:4e8e8ecaba3862f843a60c1982c99cda23b522f417006a807996a876c18beb8d", size = 43765, upload-time = "2026-08-30T19:26:04.591Z" }
wheels = [
    { url = "https://files.pythonhosted.org/packages/65/4d/df2b7b53f759af128123afc73ce7094a29286ef4293dfeb2341f8469018e/python_utils-4.0.1-py3-none-any.whl", hash = "sha256:6017bb56498a58656ecf48e66fb1f1632c7b33f9f2968548a021563e85be1aed", size = 39920, upload-time = "2026-08-30T19:26:03.101Z" },
]

[[package]]
name = "pyyaml"
version = "6.0.3"
source = { registry = "https://pypi.org/simple" }
sdist = { url = "https://files.pythonhosted.org/packages/05/8e/961c0007c59b8dd7729d542c61a4d537767a59645b82a0b521206e1e25c2/pyyaml-6.0.3.tar.gz", hash = "sha256:d76623373421df22fb4cf8817020cbb7ef15c725b9d5e45f17e189bfc384190f", size = 130960, upload-time = "2025-09-25T21:33:16.546Z" }
wheels = [
    { url = "https://files.pythonhosted.org/packages/d1/33/422b98d2195232ca1826284a76852ad5a86fe23e31b009c9886b2d0fb8b2/pyyaml-6.0.3-cp312-cp312-macosx_10_13_x86_64.whl", hash = "sha256:7f047e29dcae44602496db43be01ad42fc6f1cc0d8cd6c83d342306c32270196", size = 182063, upload-time = "2025-09-25T21:32:11.445Z" },
    { url = "https://files.pythonhosted.org/packages/89/a0/6cf41a19a1f2f3feab0e9c0b74134aa2ce6849093d5517a0c550fe37a648/pyyaml-6.0.3-cp312-cp312-macosx_11_0_arm64.whl", hash = "sha256:fc09d0aa354569bc501d4e787133afc08552722d3ab34836a80547331bb5d4a0", size = 173973, upload-time = "2025-09-25T21:32:12.492Z" },
    { url = "https://files.pythonhosted.org/packages/ed/23/7a778b6bd0b9a8039df8b1b1d80e2e2ad78aa04171592c8a5c43a56a6af4/pyyaml-6.0.3-cp312-cp312-manylinux2014_aarch64.manylinux_2_17_aarch64.manylinux_2_28_aarch64.whl", hash = "sha256:9149cad251584d5fb4981be1ecde53a1ca46c891a79788c0df828d2f166bda28", size = 775116, upload-time = "2025-09-25T21:32:13.652Z" },
    { url = "https://files.pythonhosted.org/packages/65/30/d7353c338e12baef4ecc1b09e877c1970bd3382789c159b4f89d6a70dc09/pyyaml-6.0.3-cp312-cp312-manylinux2014_s390x.manylinux_2_17_s390x.manylinux_2_28_s390x.whl", hash = "sha256:5fdec68f91a0c6739b380c83b951e2c72ac0197ace422360e6d5a959d8d97b2c", size = 844011, upload-time = "2025-09-25T21:32:15.21Z" },
    { url = "https://files.pythonhosted.org/packages/8b/9d/b3589d3877982d4f2329302ef98a8026e7f4443c765c46cfecc8858c6b4b/pyyaml-6.0.3-cp312-cp312-manylinux2014_x86_64.manylinux_2_17_x86_64.manylinux_2_28_x86_64.whl", hash = "sha256:ba1cc08a7ccde2d2ec775841541641e4548226580ab850948cbfda66a1befcdc", size = 807870, upload-time = "2025-09-25T21:32:16.431Z" },
    { url = "https://files.pythonhosted.org/packages/05/c0/b3be26a015601b822b97d9149ff8cb5ead58c66f981e04fedf4e762f4bd4/pyyaml-6.0.3-cp312-cp312-musllinux_1_2_aarch64.whl", hash = "sha256:8dc52c23056b9ddd46818a57b78404882310fb473d63f17b07d5c40421e47f8e", size = 761089, upload-time = "2025-09-25T21:32:17.56Z" },
    { url = "https://files.pythonhosted.org/packages/be/8e/98435a21d1d4b46590d5459a22d88128103f8da4c2d4cb8f14f2a96504e1/pyyaml-6.0.3-cp312-cp312-musllinux_1_2_x86_64.whl", hash = "sha256:41715c910c881bc081f1e8872880d3c650acf13dfa8214bad49ed4cede7c34ea", size = 790181, upload-time = "2025-09-25T21:32:18.834Z" },
    { url = "https://files.pythonhosted.org/packages/74/93/7baea19427dcfbe1e5a372d81473250b379f04b1bd3c4c5ff825e2327202/pyyaml-6.0.3-cp312-cp312-win32.whl", hash = "sha256:96b533f0e99f6579b3d4d4995707cf36df9100d67e0c8303a0c55b27b5f99bc5", size = 137658, upload-time = "2025-09-25T21:32:20.209Z" },
    { url = "https://files.pythonhosted.org/packages/86/bf/899e81e4cce32febab4fb42bb97dcdf66bc135272882d1987881a4b519e9/pyyaml-6.0.3-cp312-cp312-win_amd64.whl", hash = "sha256:5fcd34e47f6e0b794d17de1b4ff496c00986e1c83f7ab2fb8fcfe9616ff7477b", size = 154003, upload-time = "2025-09-25T21:32:21.167Z" },
    { url = "https://files.pythonhosted.org/packages/1a/08/67bd04656199bbb51dbed1439b7f27601dfb576fb864099c7ef0c3e55531/pyyaml-6.0.3-cp312-cp312-win_arm64.whl", hash = "sha256:64386e5e707d03a7e172c0701abfb7e10f0fb753ee1d773128192742712a98fd", size = 140344, upload-time = "2025-09-25T21:32:22.617Z" },
]

[[package]]
name = "scipy"
version = "1.17.1"
source = { registry = "https://pypi.org/simple" }
dependencies = [
    { name = "numpy" },
]
sdist = { url = "https://files.pythonhosted.org/packages/7a/97/5a3609c4f8d58b039179648e62dd220f89864f56f7357f5d4f45c29eb2cc/scipy-1.17.1.tar.gz", hash = "sha256:95d8e012d8cb8816c226aef832200b1d45109ed4464303e997c5b13122b297c0", size = 30573822, upload-time = "2026-02-23T00:26:24.851Z" }
wheels = [
    { url = "https://files.pythonhosted.org/packages/35/48/b992b488d6f299dbe3f11a20b24d3dda3d46f1a635ede1c46b5b17a7b163/scipy-1.17.1-cp312-cp312-macosx_10_14_x86_64.whl", hash = "sha256:35c3a56d2ef83efc372eaec584314bd0ef2e2f0d2adb21c55e6ad5b344c0dcb8", size = 31610954, upload-time = "2026-02-23T00:17:49.855Z" },
    { url = "https://files.pythonhosted.org/packages/b2/02/cf107b01494c19dc100f1d0b7ac3cc08666e96ba2d64db7626066cee895e/scipy-1.17.1-cp312-cp312-macosx_12_0_arm64.whl", hash = "sha256:fcb310ddb270a06114bb64bbe53c94926b943f5b7f0842194d585c65eb4edd76", size = 28172662, upload-time = "2026-02-23T00:18:01.64Z" },
    { url = "https://files.pythonhosted.org/packages/cf/a9/599c28631bad314d219cf9ffd40e985b24d603fc8a2f4ccc5ae8419a535b/scipy-1.17.1-cp312-cp312-macosx_14_0_arm64.whl", hash = "sha256:cc90d2e9c7e5c7f1a482c9875007c095c3194b1cfedca3c2f3291cdc2bc7c086", size = 20344366, upload-time = "2026-02-23T00:18:12.015Z" },
    { url = "https://files.pythonhosted.org/packages/35/f5/906eda513271c8deb5af284e5ef0206d17a96239af79f9fa0aebfe0e36b4/scipy-1.17.1-cp312-cp312-macosx_14_0_x86_64.whl", hash = "sha256:c80be5ede8f3f8eded4eff73cc99a25c388ce98e555b17d31da05287015ffa5b", size = 22704017, upload-time = "2026-02-23T00:18:21.502Z" },
    { url = "https://files.pythonhosted.org/packages/da/34/16f10e3042d2f1d6b66e0428308ab52224b6a23049cb2f5c1756f713815f/scipy-1.17.1-cp312-cp312-manylinux_2_27_aarch64.manylinux_2_28_aarch64.whl", hash = "sha256:e19ebea31758fac5893a2ac360fedd00116cbb7628e650842a6691ba7ca28a21", size = 32927842, upload-time = "2026-02-23T00:18:35.367Z" },
    { url = "https://files.pythonhosted.org/packages/01/8e/1e35281b8ab6d5d72ebe9911edcdffa3f36b04ed9d51dec6dd140396e220/scipy-1.17.1-cp312-cp312-manylinux_2_27_x86_64.manylinux_2_28_x86_64.whl", hash = "sha256:02ae3b274fde71c5e92ac4d54bc06c42d80e399fec704383dcd99b301df37458", size = 35235890, upload-time = "2026-02-23T00:18:49.188Z" },
    { url = "https://files.pythonhosted.org/packages/c5/5c/9d7f4c88bea6e0d5a4f1bc0506a53a00e9fcb198de372bfe4d3652cef482/scipy-1.17.1-cp312-cp312-musllinux_1_2_aarch64.whl", hash = "sha256:8a604bae87c6195d8b1045eddece0514d041604b14f2727bbc2b3020172045eb", size = 35003557, upload-time = "2026-02-23T00:18:54.74Z" },
    { url = "https://files.pythonhosted.org/packages/65/94/7698add8f276dbab7a9de9fb6b0e02fc13ee61d51c7c3f85ac28b65e1239/scipy-1.17.1-cp312-cp312-musllinux_1_2_x86_64.whl", hash = "sha256:f590cd684941912d10becc07325a3eeb77886fe981415660d9265c4c418d0bea", size = 37625856, upload-time = "2026-02-23T00:19:00.307Z" },
    { url = "https://files.pythonhosted.org/packages/a2/84/dc08d77fbf3d87d3ee27f6a0c6dcce1de5829a64f2eae85a0ecc1f0daa73/scipy-1.17.1-cp312-cp312-win_amd64.whl", hash = "sha256:41b71f4a3a4cab9d366cd9065b288efc4d4f3c0b37a91a8e0947fb5bd7f31d87", size = 36549682, upload-time = "2026-02-23T00:19:07.67Z" },
    { url = "https://files.pythonhosted.org/packages/bc/98/fe9ae9ffb3b54b62559f52dedaebe204b408db8109a8c66fdd04869e6424/scipy-1.17.1-cp312-cp312-win_arm64.whl", hash = "sha256:f4115102802df98b2b0db3cce5cb9b92572633a1197c77b7553e5203f284a5b3", size = 24547340, upload-time = "2026-02-23T00:19:12.024Z" },
]

[[package]]
name = "six"
version = "1.17.0"
source = { registry = "https://pypi.org/simple" }
sdist = { url = "https://files.pythonhosted.org/packages/94/e7/b2c673351809dca68a0e064b6af791aa332cf192da575fd474ed7d6f16a2/six-1.17.0.tar.gz", hash = "sha256:ff70335d468e7eb6ec65b95b99d3a2836546063f63acc5171de367e834932a81", size = 34031, upload-time = "2024-12-04T17:35:28.174Z" }
wheels = [
    { url = "https://files.pythonhosted.org/packages/b7/ce/149a00dd41f10bc29e5921b496af8b574d8413afcd5e30dfa0ed46c2cc5e/six-1.17.0-py2.py3-none-any.whl", hash = "sha256:4721f391ed90541fddacab5acf947aa0d3dc7d27b2e1e8eda2be8970586c3274", size = 11050, upload-time = "2024-12-04T17:35:26.475Z" },
]

[[package]]
name = "tinyobjloader"
version = "2.0.0rc13"
source = { registry = "https://pypi.org/simple" }
sdist = { url = "https://files.pythonhosted.org/packages/39/3f/1165a0614a93d8b9bc1b69feaeb03abafdfe2ceeca6e1dbc475e3119bfc0/tinyobjloader-2.0.0rc13.tar.gz", hash = "sha256:409cd5f2a02d0393fc30b9aed8a440c7f68db59f650033045c2ef8b04b7ac8ea", size = 997795, upload-time = "2024-01-26T23:55:18.979Z" }
wheels = [
    { url = "https://files.pythonhosted.org/packages/95/ab/9357da1b5ca329b764ecfb2f34661c26e9cad49d1804abbec02c11985f70/tinyobjloader-2.0.0rc13-cp312-cp312-macosx_10_9_universal2.whl", hash = "sha256:f87ddfb29fa80639f10f6db8878a328dd7cdc15fb4dcc50b21d00a791f3e6400", size = 364712, upload-time = "2024-01-26T23:54:18.625Z" },
    { url = "https://files.pythonhosted.org/packages/fc/78/e28097611237fbce293164ecdb08d57cad5019e2a5f3f7eb2b5290ccf760/tinyobjloader-2.0.0rc13-cp312-cp312-macosx_10_9_x86_64.whl", hash = "sha256:5f251208894efc931d685121b8515fe30c5bf6b44e0770e0776a5a574a38230c", size = 195297, upload-time = "2024-01-26T23:54:19.831Z" },
    { url = "https://files.pythonhosted.org/packages/b4/cf/aa8e48ee5909cf12ec3e9b26ee4a9a8c430f1ba400e5c0b09374cf452b17/tinyobjloader-2.0.0rc13-cp312-cp312-macosx_11_0_arm64.whl", hash = "sha256:efa02a09ed326976bad318e5fe00d514a4ecc1ec9885ad775fe1c9f7fa04cebb", size = 183756, upload-time = "2024-01-26T23:54:21.032Z" },
    { url = "https://files.pythonhosted.org/packages/c6/49/4e9a11a27c3bc682da4f9d8b7c96b0260d120c17c8674e2b2759ac30944f/tinyobjloader-2.0.0rc13-cp312-cp312-manylinux_2_17_aarch64.manylinux2014_aarch64.whl", hash = "sha256:be84b0f4015027e5d44e9474995d992ef3b45e026d86bdc60cedfe8cff123959", size = 233759, upload-time = "2024-01-26T23:44:38.831Z" },
    { url = "https://files.pythonhosted.org/packages/b2/99/52b235ce8bc47f499e10e3d1571f35541e8360c3d2b5db72c78570624649/tinyobjloader-2.0.0rc13-cp312-cp312-manylinux_2_17_i686.manylinux2014_i686.whl", hash = "sha256:13ed0a0b8993f2ef8074f990565b14e7409494238ca56ff45ac711932c1e7f67", size = 257462, upload-time = "2024-01-26T23:54:22.271Z" },
    { url = "https://files.pythonhosted.org/packages/d8/0a/7a3342d274419e05a40f033828e6a9e883a661a60edfeb8db279950951e1/tinyobjloader-2.0.0rc13-cp312-cp312-manylinux_2_17_x86_64.manylinux2014_x86_64.whl", hash = "sha256:81433d5828bfe5c88a1dabf1185a6e7e73dcde15b66c5a65bcce51340fd444b7", size = 241626, upload-time = "2024-01-26T23:54:23.637Z" },
    { url = "https://files.pythonhosted.org/packages/6b/a4/f3e3b66f841596655ac7e5d971284bd46718bc928c299eb2140393b4e0d3/tinyobjloader-2.0.0rc13-cp312-cp312-musllinux_1_1_aarch64.whl", hash = "sha256:b3a90068c596667ee98feeb66e02eddeb479ad2d0cdff5a6adc0f7a2ff987c8e", size = 727600, upload-time = "2024-01-26T23:44:40.738Z" },
    { url = "https://files.pythonhosted.org/packages/b3/a5/1140c133fe7ecc362234b8c41d38d4517c84ce6073d22efab03568511b44/tinyobjloader-2.0.0rc13-cp312-cp312-musllinux_1_1_i686.whl", hash = "sha256:b2db221fb55606bd7f1465960d0e1fbd5b3e4058822babc739847e5e9bd33824", size = 815384, upload-time = "2024-01-26T23:54:25.601Z" },
    { url = "https://files.pythonhosted.org/packages/a7/8a/2143ced6a23fdcd1b2e2c712c0eb203e453676c0938b5562910e9602da43/tinyobjloader-2.0.0rc13-cp312-cp312-musllinux_1_1_x86_64.whl", hash = "sha256:5b443659b8b864414f326a5de5c774ba98d90257963cd6eecdb956c687ebb39a", size = 747842, upload-time = "2024-01-26T23:54:27.046Z" },
    { url = "https://files.pythonhosted.org/packages/74/89/9e1954df4119eae076941687014fbcb7bb33f27a659b7f546d32717984a5/tinyobjloader-2.0.0rc13-cp312-cp312-win32.whl", hash = "sha256:ec77d26d7b4877e3a82cd2d594c1f4ae5283842b55f360679f9ab2c1bfceb0ae", size = 138306, upload-time = "2024-01-26T23:54:28.23Z" },
    { url = "https://files.pythonhosted.org/packages/a6/1b/fd7c5c7f2715ab946d2404f251156569970f1f3e8fecc4cfe29f5389cc00/tinyobjloader-2.0.0rc13-cp312-cp312-win_amd64.whl", hash = "sha256:044c3deb2603b6df021d642a99737ffcf15340e23204c2335c5c380003daa221", size = 156209, upload-time = "2024-01-26T23:54:29.717Z" },
    { url = "https://files.pythonhosted.org/packages/2f/92/1816686a00a068c089453cecd8cc7455b9653e74d09346c468e3db61eafd/tinyobjloader-2.0.0rc13-cp312-cp312-win_arm64.whl", hash = "sha256:66d36b1a45bed07556b2e9c0375b05b991771fcf1bc1fca79be9517400130730", size = 149264, upload-time = "2024-01-26T23:54:30.812Z" },
]

[[package]]
name = "typing-extensions"
version = "4.16.0"
source = { registry = "https://pypi.org/simple" }
sdist = { url = "https://files.pythonhosted.org/packages/f6/cc/6253133b5bb138fc3306cebfbda2c520f545d36b5be2c7255cc528bb45d6/typing_extensions-4.16.0.tar.gz", hash = "sha256:dc983d19a509c94dba722ee6abd33940f7c05a89e243c47e907eb4db6f1a43e5", size = 113555, upload-time = "2026-07-02T08:40:05.92Z" }
wheels = [
    { url = "https://files.pythonhosted.org/packages/49/d3/b8441a820a491ddfc024b0b0cf0393375b75ea13866d9c66727e54c2fc80/typing_extensions-4.16.0-py3-none-any.whl", hash = "sha256:481caa481374e813c1b176ada14e97f1f67a4539ce9cfeb3f350d78d6370c2e8", size = 45571, upload-time = "2026-07-02T08:40:04.659Z" },
]

[[package]]
name = "urdf-usd-converter"
version = "0.3.3"
source = { registry = "https://pypi.org/simple" }
dependencies = [
    { name = "newton-usd-schemas" },
    { name = "numpy-stl" },
    { name = "pycollada" },
    { name = "tinyobjloader" },
    { name = "usd-exchange" },
]
sdist = { url = "https://files.pythonhosted.org/packages/89/af/55ef258a582ce7fa9d3415376e6c383931cbc118e3af3e145dca72098b4f/urdf_usd_converter-0.3.3.tar.gz", hash = "sha256:866699f31dec277aefe3dae380a98e2375daca492f81188d1e3f99c98d466eae", size = 223905, upload-time = "2026-08-07T04:26:19.63Z" }
wheels = [
    { url = "https://files.pythonhosted.org/packages/9c/8a/6fd7806e1772b924c13ce4b43246562b4d73052402a3c89766ac740e1a30/urdf_usd_converter-0.3.3-py3-none-any.whl", hash = "sha256:39fb16e1282414962aa9eb26b75c48b32de4c233eccc8d8d9669dd2ed53266c2", size = 64366, upload-time = "2026-08-07T04:26:18.108Z" },
]

[[package]]
name = "usd-exchange"
version = "3.0.0"
source = { registry = "https://pypi.org/simple" }
wheels = [
    { url = "https://files.pythonhosted.org/packages/67/34/585377aab3b09f1f039dc78db23e967814dfc669392dcb115c97c9e7b055/usd_exchange-3.0.0-cp312-cp312-manylinux_2_35_aarch64.whl", hash = "sha256:59a3b8ef4bc545c76059f7efc5fec94023e0818c5a714fae40f8e0411de79db5", size = 25988564, upload-time = "2026-08-20T21:19:27.866Z" },
    { url = "https://files.pythonhosted.org/packages/5f/b7/746eb09779f624e593c025366f7d227f7376e0fef6226a7783ba5cff18a8/usd_exchange-3.0.0-cp312-cp312-manylinux_2_35_x86_64.whl", hash = "sha256:3d5a3ca9f6153abaf2bb4f8fda6c4026e174b6b050eb904a6e4a5bdf89a52926", size = 26729798, upload-time = "2026-08-20T21:19:50.636Z" },
    { url = "https://files.pythonhosted.org/packages/31/43/d25c80097b3e975452bc5648b6b9fbcfe75457bf7e402cfaad9ef6730cd7/usd_exchange-3.0.0-cp312-cp312-win_amd64.whl", hash = "sha256:374499c3d06bd10f4cda2036239935222527f17e1f3ee059fc093aeb9058439b", size = 16032363, upload-time = "2026-08-20T21:20:14.5Z" },
]

[[package]]
name = "usd-validation-nvidia"
version = "1.22.0"
source = { registry = "https://pypi.org/simple" }
wheels = [
    { url = "https://files.pythonhosted.org/packages/dd/4b/af5572bfa80013a34abb980c339436e1ae2a67407a935f3864c27aa81b0a/usd_validation_nvidia-1.22.0-py3-none-any.whl", hash = "sha256:5bf8756a1642c627561859f46ba04b898f79ff0b09a494aa468d027821a2b5c4", size = 327888, upload-time = "2026-09-10T18:13:56.555Z" },
]
