lertx-robot-assets==1.0.0 --hash=sha256:69fa417e81e0faa0c5f476adc04932b2842fb8db8d9e07253b47ce8f501acb24
newton==1.6.1 --hash=sha256:0dbabb85228eeac9f2750347a3f4ce502ad41a9bf19d43f55c6c8e4458b7e318
numpy==2.5.3 --hash=sha256:b7e18c623bb5c95acb3b3328861272816ba199fb531921c5d6d0b675f1fde9e3
ovrtx==0.5.1.385782 --hash=sha256:232d46d872401d2870d1a6118ee256ba63db966bd9c1877ebe3e11a9cdd96091
ovstage==0.2.1.385922 --hash=sha256:19b5549260f6088678ec5ff914517fd18a5629319bbb531401fff8ebf3fe5c5d
pyserial==3.5 --hash=sha256:c4451db6ba391ca6ca299fb3ec7bae67a5c55dde170964c7a14ceefec02f2cf0
pyside6==6.12.0 --hash=sha256:d13ed4d0053cc20f3e4e0fdbf12790a9b7f958d7e22c0843411ecfa8c799e2a9
pyside6-addons==6.12.0 --hash=sha256:4ab38c0017f0453671a9313d3a53ca1c0e378924f54b07e596bcea94a9642391
pyside6-essentials==6.12.0 --hash=sha256:16f4b5e41daf49235ae048458243da9efe5f3d8040f9cc5aa454ce69893d3bd9
pyside6-pdf==6.12.0.140 --hash=sha256:0c94370b6b9d65fbfe54f9d6d25df0677db0cdcfd0a842a63958a3603a42007c
pyside6-webengine==6.12.0.140 --hash=sha256:c041c9921d7c91c9e51a2c027f434d05c3c59baa2c8f17b71dc8194e77791f06
shiboken6==6.12.0 --hash=sha256:3bde565bb0890044b5c7f63808adddede5abc241e9395a2bfed61919884d6240
usd-core==26.8 --hash=sha256:8a743796b22976ff19afb32105f1512b303464609fdddc01b09bfeeb8a9cfa5c
warp-lang==1.18.0 --hash=sha256:090962bfae7dd22ade0d8e0258f41635e0e58980f15bcc9e7a7d312819dfe440
